{
  "name": "ex03",
  "version": "1.0.0",
  "lockfileVersion": 3,
  "requires": true,
  "packages": {
    "": {
      "name": "ex03",
      "version": "1.0.0",
      "license": "ISC",
      "dependencies": {
        "loaddash": "^0.0.1-security",
        "lodash": "^4.17.21"
      }
    },
    "node_modules/loaddash": {
      "version": "0.0.1-security",
      "resolved": "https://registry.npmjs.org/loaddash/-/loaddash-0.0.1-security.tgz",
      "integrity": "sha512-ovgHAIq4QU07zf2cVcEKVdl00ybh2QozXVNT7dEYQcM1RurK/2zliALkkX29b9qwSp+67AT2DSAP5jFme0c6Yw=="
    },
    "node_modules/lodash": {
      "version": "4.17.21",
      "resolved": "https://registry.npmjs.org/lodash/-/lodash-4.17.21.tgz",
      "integrity": "sha512-v2kDEe57lecTulaDIuNTPy3Ry4gLGJ6Z1O3vE1krgXZNrsQ+LFTGHVxVjcXPs17LhbZVGedAJv8XZ1tvj5FvSg=="
    }
  }
}
